
Microsoft Visual Studio Solution File, Format Version 12.00
# Visual Studio 15
VisualStudioVersion = 15.0.28307.421
MinimumVisualStudioVersion = 10.0.40219.1
Project("{FAE04EC0-301F-11D3-BF4B-00C04F79EFBC}") = "Kurs_csharp", "Kurs_csharp\Kurs_csharp.csproj", "{BAC2690A-DE65-400C-88D8-DDD346378FDA}"
EndProject
Global
	GlobalSection(SolutionConfigurationPlatforms) = preSolution
		Debug|Any CPU = Debug|Any CPU
		Release|Any CPU = Release|Any CPU
	EndGlobalSection
	GlobalSection(ProjectConfigurationPlatforms) = postSolution
		{BAC2690A-DE65-400C-88D8-DDD346378FDA}.Debug|Any CPU.ActiveCfg = Debug|Any CPU
		{BAC2690A-DE65-400C-88D8-DDD346378FDA}.Debug|Any CPU.Build.0 = Debug|Any CPU
		{BAC2690A-DE65-400C-88D8-DDD346378FDA}.Release|Any CPU.ActiveCfg = Release|Any CPU
		{BAC2690A-DE65-400C-88D8-DDD346378FDA}.Release|Any CPU.Build.0 = Release|Any CPU
	EndGlobalSection
	GlobalSection(SolutionProperties) = preSolution
		HideSolutionNode = FALSE
	EndGlobalSection
	GlobalSection(ExtensibilityGlobals) = postSolution
		SolutionGuid = {BD779A5E-7ACA-4A0B-8CCB-A64AF04161B1}
	EndGlobalSection
EndGlobal
